
Microsoft Visual Studio Solution File, Format Version 12.00
# Visual Studio Version 17
VisualStudioVersion = 17.9.34701.34
MinimumVisualStudioVersion = 10.0.40219.1
Project("{FAE04EC0-301F-11D3-BF4B-00C04F79EFBC}") = "TestRand.UI", "TestRand.UI\TestRand.UI.csproj", "{DDDA09E0-01A0-4B21-9DF6-898CC14C93DD}"
EndProject
Project("{FAE04EC0-301F-11D3-BF4B-00C04F79EFBC}") = "Domain", "Domain\Domain.csproj", "{66CA4498-AA33-4FDA-8409-4F62CD39901E}"
EndProject
Project("{FAE04EC0-301F-11D3-BF4B-00C04F79EFBC}") = "Aplication", "Aplication\Aplication.csproj", "{9F68EB98-2479-45FE-8DF2-CD806F86EAB7}"
EndProject
Project("{FAE04EC0-301F-11D3-BF4B-00C04F79EFBC}") = "Infrastructure", "Infrastructure\Infrastructure.csproj", "{6413F37B-452C-4F91-B6DF-9E96C97FD240}"
EndProject
Global
	GlobalSection(SolutionConfigurationPlatforms) = preSolution
		Debug|Any CPU = Debug|Any CPU
		Release|Any CPU = Release|Any CPU
	EndGlobalSection
	GlobalSection(ProjectConfigurationPlatforms) = postSolution
		{DDDA09E0-01A0-4B21-9DF6-898CC14C93DD}.Debug|Any CPU.ActiveCfg = Debug|Any CPU
		{DDDA09E0-01A0-4B21-9DF6-898CC14C93DD}.Debug|Any CPU.Build.0 = Debug|Any CPU
		{DDDA09E0-01A0-4B21-9DF6-898CC14C93DD}.Release|Any CPU.ActiveCfg = Release|Any CPU
		{DDDA09E0-01A0-4B21-9DF6-898CC14C93DD}.Release|Any CPU.Build.0 = Release|Any CPU
		{66CA4498-AA33-4FDA-8409-4F62CD39901E}.Debug|Any CPU.ActiveCfg = Debug|Any CPU
		{66CA4498-AA33-4FDA-8409-4F62CD39901E}.Debug|Any CPU.Build.0 = Debug|Any CPU
		{66CA4498-AA33-4FDA-8409-4F62CD39901E}.Release|Any CPU.ActiveCfg = Release|Any CPU
		{66CA4498-AA33-4FDA-8409-4F62CD39901E}.Release|Any CPU.Build.0 = Release|Any CPU
		{9F68EB98-2479-45FE-8DF2-CD806F86EAB7}.Debug|Any CPU.ActiveCfg = Debug|Any CPU
		{9F68EB98-2479-45FE-8DF2-CD806F86EAB7}.Debug|Any CPU.Build.0 = Debug|Any CPU
		{9F68EB98-2479-45FE-8DF2-CD806F86EAB7}.Release|Any CPU.ActiveCfg = Release|Any CPU
		{9F68EB98-2479-45FE-8DF2-CD806F86EAB7}.Release|Any CPU.Build.0 = Release|Any CPU
		{6413F37B-452C-4F91-B6DF-9E96C97FD240}.Debug|Any CPU.ActiveCfg = Debug|Any CPU
		{6413F37B-452C-4F91-B6DF-9E96C97FD240}.Debug|Any CPU.Build.0 = Debug|Any CPU
		{6413F37B-452C-4F91-B6DF-9E96C97FD240}.Release|Any CPU.ActiveCfg = Release|Any CPU
		{6413F37B-452C-4F91-B6DF-9E96C97FD240}.Release|Any CPU.Build.0 = Release|Any CPU
	EndGlobalSection
	GlobalSection(SolutionProperties) = preSolution
		HideSolutionNode = FALSE
	EndGlobalSection
	GlobalSection(ExtensibilityGlobals) = postSolution
		SolutionGuid = {7C36724C-D238-4300-8AE8-5A723BC62348}
	EndGlobalSection
EndGlobal
